
Microsoft Visual Studio Solution File, Format Version 12.00
# Visual Studio Version 17
VisualStudioVersion = 17.5.2.0
MinimumVisualStudioVersion = 10.0.40219.1
Project("{FAE04EC0-301F-11D3-BF4B-00C04F79EFBC}") = "BusinessLayer", "BusinessLayer\BusinessLayer.csproj", "{508883BD-2856-4187-B9CF-8C1E3D722A1A}"
EndProject
Project("{FAE04EC0-301F-11D3-BF4B-00C04F79EFBC}") = "ModelLayer", "ModelLayer\ModelLayer.csproj", "{C4DC964C-6AF4-45BF-A40D-84CFAA3AE7DF}"
EndProject
Project("{FAE04EC0-301F-11D3-BF4B-00C04F79EFBC}") = "RepositoryLayer", "RepositoryLayer\RepositoryLayer.csproj", "{EF3DFE92-A2C5-47DD-8E05-50C57F4D8F3A}"
EndProject
Project("{FAE04EC0-301F-11D3-BF4B-00C04F79EFBC}") = "QuantityMeasurement", "QuantityMeasurement\QuantityMeasurement.csproj", "{D9DB559C-5C31-4D27-A797-55BF84EF79EC}"
EndProject
Project("{FAE04EC0-301F-11D3-BF4B-00C04F79EFBC}") = "QuantityMeasurement.Tests", "QuantityMeasurement.Tests\QuantityMeasurement.Tests.csproj", "{C73D29C6-2673-4972-AC56-68218315FC23}"
EndProject
Global
	GlobalSection(SolutionConfigurationPlatforms) = preSolution
		Debug|Any CPU = Debug|Any CPU
		Debug|x64 = Debug|x64
		Debug|x86 = Debug|x86
		Release|Any CPU = Release|Any CPU
		Release|x64 = Release|x64
		Release|x86 = Release|x86
	EndGlobalSection
	GlobalSection(ProjectConfigurationPlatforms) = postSolution
		{508883BD-2856-4187-B9CF-8C1E3D722A1A}.Debug|Any CPU.ActiveCfg = Debug|Any CPU
		{508883BD-2856-4187-B9CF-8C1E3D722A1A}.Debug|Any CPU.Build.0 = Debug|Any CPU
		{508883BD-2856-4187-B9CF-8C1E3D722A1A}.Debug|x64.ActiveCfg = Debug|Any CPU
		{508883BD-2856-4187-B9CF-8C1E3D722A1A}.Debug|x64.Build.0 = Debug|Any CPU
		{508883BD-2856-4187-B9CF-8C1E3D722A1A}.Debug|x86.ActiveCfg = Debug|Any CPU
		{508883BD-2856-4187-B9CF-8C1E3D722A1A}.Debug|x86.Build.0 = Debug|Any CPU
		{508883BD-2856-4187-B9CF-8C1E3D722A1A}.Release|Any CPU.ActiveCfg = Release|Any CPU
		{508883BD-2856-4187-B9CF-8C1E3D722A1A}.Release|Any CPU.Build.0 = Release|Any CPU
		{508883BD-2856-4187-B9CF-8C1E3D722A1A}.Release|x64.ActiveCfg = Release|Any CPU
		{508883BD-2856-4187-B9CF-8C1E3D722A1A}.Release|x64.Build.0 = Release|Any CPU
		{508883BD-2856-4187-B9CF-8C1E3D722A1A}.Release|x86.ActiveCfg = Release|Any CPU
		{508883BD-2856-4187-B9CF-8C1E3D722A1A}.Release|x86.Build.0 = Release|Any CPU
		{C4DC964C-6AF4-45BF-A40D-84CFAA3AE7DF}.Debug|Any CPU.ActiveCfg = Debug|Any CPU
		{C4DC964C-6AF4-45BF-A40D-84CFAA3AE7DF}.Debug|Any CPU.Build.0 = Debug|Any CPU
		{C4DC964C-6AF4-45BF-A40D-84CFAA3AE7DF}.Debug|x64.ActiveCfg = Debug|Any CPU
		{C4DC964C-6AF4-45BF-A40D-84CFAA3AE7DF}.Debug|x64.Build.0 = Debug|Any CPU
		{C4DC964C-6AF4-45BF-A40D-84CFAA3AE7DF}.Debug|x86.ActiveCfg = Debug|Any CPU
		{C4DC964C-6AF4-45BF-A40D-84CFAA3AE7DF}.Debug|x86.Build.0 = Debug|Any CPU
		{C4DC964C-6AF4-45BF-A40D-84CFAA3AE7DF}.Release|Any CPU.ActiveCfg = Release|Any CPU
		{C4DC964C-6AF4-45BF-A40D-84CFAA3AE7DF}.Release|Any CPU.Build.0 = Release|Any CPU
		{C4DC964C-6AF4-45BF-A40D-84CFAA3AE7DF}.Release|x64.ActiveCfg = Release|Any CPU
		{C4DC964C-6AF4-45BF-A40D-84CFAA3AE7DF}.Release|x64.Build.0 = Release|Any CPU
		{C4DC964C-6AF4-45BF-A40D-84CFAA3AE7DF}.Release|x86.ActiveCfg = Release|Any CPU
		{C4DC964C-6AF4-45BF-A40D-84CFAA3AE7DF}.Release|x86.Build.0 = Release|Any CPU
		{EF3DFE92-A2C5-47DD-8E05-50C57F4D8F3A}.Debug|Any CPU.ActiveCfg = Debug|Any CPU
		{EF3DFE92-A2C5-47DD-8E05-50C57F4D8F3A}.Debug|Any CPU.Build.0 = Debug|Any CPU
		{EF3DFE92-A2C5-47DD-8E05-50C57F4D8F3A}.Debug|x64.ActiveCfg = Debug|Any CPU
		{EF3DFE92-A2C5-47DD-8E05-50C57F4D8F3A}.Debug|x64.Build.0 = Debug|Any CPU
		{EF3DFE92-A2C5-47DD-8E05-50C57F4D8F3A}.Debug|x86.ActiveCfg = Debug|Any CPU
		{EF3DFE92-A2C5-47DD-8E05-50C57F4D8F3A}.Debug|x86.Build.0 = Debug|Any CPU
		{EF3DFE92-A2C5-47DD-8E05-50C57F4D8F3A}.Release|Any CPU.ActiveCfg = Release|Any CPU
		{EF3DFE92-A2C5-47DD-8E05-50C57F4D8F3A}.Release|Any CPU.Build.0 = Release|Any CPU
		{EF3DFE92-A2C5-47DD-8E05-50C57F4D8F3A}.Release|x64.ActiveCfg = Release|Any CPU
		{EF3DFE92-A2C5-47DD-8E05-50C57F4D8F3A}.Release|x64.Build.0 = Release|Any CPU
		{EF3DFE92-A2C5-47DD-8E05-50C57F4D8F3A}.Release|x86.ActiveCfg = Release|Any CPU
		{EF3DFE92-A2C5-47DD-8E05-50C57F4D8F3A}.Release|x86.Build.0 = Release|Any CPU
		{D9DB559C-5C31-4D27-A797-55BF84EF79EC}.Debug|Any CPU.ActiveCfg = Debug|Any CPU
		{D9DB559C-5C31-4D27-A797-55BF84EF79EC}.Debug|Any CPU.Build.0 = Debug|Any CPU
		{D9DB559C-5C31-4D27-A797-55BF84EF79EC}.Debug|x64.ActiveCfg = Debug|Any CPU
		{D9DB559C-5C31-4D27-A797-55BF84EF79EC}.Debug|x64.Build.0 = Debug|Any CPU
		{D9DB559C-5C31-4D27-A797-55BF84EF79EC}.Debug|x86.ActiveCfg = Debug|Any CPU
		{D9DB559C-5C31-4D27-A797-55BF84EF79EC}.Debug|x86.Build.0 = Debug|Any CPU
		{D9DB559C-5C31-4D27-A797-55BF84EF79EC}.Release|Any CPU.ActiveCfg = Release|Any CPU
		{D9DB559C-5C31-4D27-A797-55BF84EF79EC}.Release|Any CPU.Build.0 = Release|Any CPU
		{D9DB559C-5C31-4D27-A797-55BF84EF79EC}.Release|x64.ActiveCfg = Release|Any CPU
		{D9DB559C-5C31-4D27-A797-55BF84EF79EC}.Release|x64.Build.0 = Release|Any CPU
		{D9DB559C-5C31-4D27-A797-55BF84EF79EC}.Release|x86.ActiveCfg = Release|Any CPU
		{D9DB559C-5C31-4D27-A797-55BF84EF79EC}.Release|x86.Build.0 = Release|Any CPU
		{C73D29C6-2673-4972-AC56-68218315FC23}.Debug|Any CPU.ActiveCfg = Debug|Any CPU
		{C73D29C6-2673-4972-AC56-68218315FC23}.Debug|Any CPU.Build.0 = Debug|Any CPU
		{C73D29C6-2673-4972-AC56-68218315FC23}.Debug|x64.ActiveCfg = Debug|Any CPU
		{C73D29C6-2673-4972-AC56-68218315FC23}.Debug|x64.Build.0 = Debug|Any CPU
		{C73D29C6-2673-4972-AC56-68218315FC23}.Debug|x86.ActiveCfg = Debug|Any CPU
		{C73D29C6-2673-4972-AC56-68218315FC23}.Debug|x86.Build.0 = Debug|Any CPU
		{C73D29C6-2673-4972-AC56-68218315FC23}.Release|Any CPU.ActiveCfg = Release|Any CPU
		{C73D29C6-2673-4972-AC56-68218315FC23}.Release|Any CPU.Build.0 = Release|Any CPU
		{C73D29C6-2673-4972-AC56-68218315FC23}.Release|x64.ActiveCfg = Release|Any CPU
		{C73D29C6-2673-4972-AC56-68218315FC23}.Release|x64.Build.0 = Release|Any CPU
		{C73D29C6-2673-4972-AC56-68218315FC23}.Release|x86.ActiveCfg = Release|Any CPU
		{C73D29C6-2673-4972-AC56-68218315FC23}.Release|x86.Build.0 = Release|Any CPU
	EndGlobalSection
	GlobalSection(SolutionProperties) = preSolution
		HideSolutionNode = FALSE
	EndGlobalSection
	GlobalSection(ExtensibilityGlobals) = postSolution
		SolutionGuid = {33C6322B-7F08-434C-9774-FE643B8CFEE3}
	EndGlobalSection
EndGlobal
